
Microsoft Visual Studio Solution File, Format Version 12.00
# Visual Studio Version 17
VisualStudioVersion = 17.7.34202.233
MinimumVisualStudioVersion = 10.0.40219.1
Project("{FAE04EC0-301F-11D3-BF4B-00C04F79EFBC}") = "MAS", "MAS\MAS.csproj", "{3593AEAE-81BA-448F-9B48-E7CB22FCF5FB}"
EndProject
Global
	GlobalSection(SolutionConfigurationPlatforms) = preSolution
		Debug|Any CPU = Debug|Any CPU
		Release|Any CPU = Release|Any CPU
	EndGlobalSection
	GlobalSection(ProjectConfigurationPlatforms) = postSolution
		{3593AEAE-81BA-448F-9B48-E7CB22FCF5FB}.Debug|Any CPU.ActiveCfg = Debug|Any CPU
		{3593AEAE-81BA-448F-9B48-E7CB22FCF5FB}.Debug|Any CPU.Build.0 = Debug|Any CPU
		{3593AEAE-81BA-448F-9B48-E7CB22FCF5FB}.Release|Any CPU.ActiveCfg = Release|Any CPU
		{3593AEAE-81BA-448F-9B48-E7CB22FCF5FB}.Release|Any CPU.Build.0 = Release|Any CPU
	EndGlobalSection
	GlobalSection(SolutionProperties) = preSolution
		HideSolutionNode = FALSE
	EndGlobalSection
	GlobalSection(ExtensibilityGlobals) = postSolution
		SolutionGuid = {860D0061-C7E9-4DAE-B951-E9E76775455D}
	EndGlobalSection
EndGlobal
